
Microsoft Visual Studio Solution File, Format Version 12.00
# Visual Studio Version 17
VisualStudioVersion = 17.2.32630.192
MinimumVisualStudioVersion = 10.0.40219.1
Project("{FAE04EC0-301F-11D3-BF4B-00C04F79EFBC}") = "WsRoutine", "WsRoutine\WsRoutine.csproj", "{B112FB18-BF00-4926-A369-92C384E9DB9F}"
EndProject
Global
	GlobalSection(SolutionConfigurationPlatforms) = preSolution
		Debug|Any CPU = Debug|Any CPU
		Release|Any CPU = Release|Any CPU
	EndGlobalSection
	GlobalSection(ProjectConfigurationPlatforms) = postSolution
		{B112FB18-BF00-4926-A369-92C384E9DB9F}.Debug|Any CPU.ActiveCfg = Debug|Any CPU
		{B112FB18-BF00-4926-A369-92C384E9DB9F}.Debug|Any CPU.Build.0 = Debug|Any CPU
		{B112FB18-BF00-4926-A369-92C384E9DB9F}.Release|Any CPU.ActiveCfg = Release|Any CPU
		{B112FB18-BF00-4926-A369-92C384E9DB9F}.Release|Any CPU.Build.0 = Release|Any CPU
	EndGlobalSection
	GlobalSection(SolutionProperties) = preSolution
		HideSolutionNode = FALSE
	EndGlobalSection
	GlobalSection(ExtensibilityGlobals) = postSolution
		SolutionGuid = {DDBE0843-FDAE-4209-93D9-3F219F1E8F52}
	EndGlobalSection
EndGlobal
